
Microsoft Visual Studio Solution File, Format Version 12.00
# Visual Studio Version 17
VisualStudioVersion = 17.1.32328.378
MinimumVisualStudioVersion = 10.0.40219.1
Project("{8BC9CEB8-8B4A-11D0-8D11-00A0C91BC942}") = "卖炭翁", "卖炭翁\卖炭翁.vcxproj", "{747BED2E-8930-4F83-ABA2-F03DEE3D5CBA}"
EndProject
Global
	GlobalSection(SolutionConfigurationPlatforms) = preSolution
		Debug|x64 = Debug|x64
		Debug|x86 = Debug|x86
		Release|x64 = Release|x64
		Release|x86 = Release|x86
	EndGlobalSection
	GlobalSection(ProjectConfigurationPlatforms) = postSolution
		{747BED2E-8930-4F83-ABA2-F03DEE3D5CBA}.Debug|x64.ActiveCfg = Debug|x64
		{747BED2E-8930-4F83-ABA2-F03DEE3D5CBA}.Debug|x64.Build.0 = Debug|x64
		{747BED2E-8930-4F83-ABA2-F03DEE3D5CBA}.Debug|x86.ActiveCfg = Debug|Win32
		{747BED2E-8930-4F83-ABA2-F03DEE3D5CBA}.Debug|x86.Build.0 = Debug|Win32
		{747BED2E-8930-4F83-ABA2-F03DEE3D5CBA}.Release|x64.ActiveCfg = Release|x64
		{747BED2E-8930-4F83-ABA2-F03DEE3D5CBA}.Release|x64.Build.0 = Release|x64
		{747BED2E-8930-4F83-ABA2-F03DEE3D5CBA}.Release|x86.ActiveCfg = Release|Win32
		{747BED2E-8930-4F83-ABA2-F03DEE3D5CBA}.Release|x86.Build.0 = Release|Win32
	EndGlobalSection
	GlobalSection(SolutionProperties) = preSolution
		HideSolutionNode = FALSE
	EndGlobalSection
	GlobalSection(ExtensibilityGlobals) = postSolution
		SolutionGuid = {BF8FE999-02B6-4922-AB24-9B552D3E8CBF}
	EndGlobalSection
EndGlobal
